// !$*UTF8*$!
{
	archiveVersion = 1;
	classes = {
	};
	objectVersion = 46;
	objects = {

/* Begin PBXBuildFile section */
		496F14F3183A25F10036610E /* Foundation.framework in Frameworks */ = {isa = PBXBuildFile; fileRef = 496F14F2183A25F10036610E /* Foundation.framework */; };
		496F14F5183A25F10036610E /* CoreGraphics.framework in Frameworks */ = {isa = PBXBuildFile; fileRef = 496F14F4183A25F10036610E /* CoreGraphics.framework */; };
		496F14F7183A25F10036610E /* UIKit.framework in Frameworks */ = {isa = PBXBuildFile; fileRef = 496F14F6183A25F10036610E /* UIKit.framework */; };
		496F14FD183A25F10036610E /* InfoPlist.strings in Resources */ = {isa = PBXBuildFile; fileRef = 496F14FB183A25F10036610E /* InfoPlist.strings */; };
		496F14FF183A25F10036610E /* main.m in Sources */ = {isa = PBXBuildFile; fileRef = 496F14FE183A25F10036610E /* main.m */; };
		496F1503183A25F10036610E /* AppDelegate.m in Sources */ = {isa = PBXBuildFile; fileRef = 496F1502183A25F10036610E /* AppDelegate.m */; };
		496F1506183A25F10036610E /* Main.storyboard in Resources */ = {isa = PBXBuildFile; fileRef = 496F1504183A25F10036610E /* Main.storyboard */; };
		496F1509183A25F10036610E /* ViewController.m in Sources */ = {isa = PBXBuildFile; fileRef = 496F1508183A25F10036610E /* ViewController.m */; };
		496F150B183A25F10036610E /* Images.xcassets in Resources */ = {isa = PBXBuildFile; fileRef = 496F150A183A25F10036610E /* Images.xcassets */; };
		496F1512183A25F10036610E /* XCTest.framework in Frameworks */ = {isa = PBXBuildFile; fileRef = 496F1511183A25F10036610E /* XCTest.framework */; };
		496F1513183A25F10036610E /* Foundation.framework in Frameworks */ = {isa = PBXBuildFile; fileRef = 496F14F2183A25F10036610E /* Foundation.framework */; };
		496F1514183A25F10036610E /* UIKit.framework in Frameworks */ = {isa = PBXBuildFile; fileRef = 496F14F6183A25F10036610E /* UIKit.framework */; };
		496F151C183A25F10036610E /* InfoPlist.strings in Resources */ = {isa = PBXBuildFile; fileRef = 496F151A183A25F10036610E /* InfoPlist.strings */; };
		496F151E183A25F10036610E /* testClickTests.m in Sources */ = {isa = PBXBuildFile; fileRef = 496F151D183A25F10036610E /* testClickTests.m */; };
/* End PBXBuildFile section */

/* Begin PBXContainerItemProxy section */
		496F1515183A25F10036610E /* PBXContainerItemProxy */ = {
			isa = PBXContainerItemProxy;
			containerPortal = 496F14E7183A25F10036610E /* Project object */;
			proxyType = 1;
			remoteGlobalIDString = 496F14EE183A25F10036610E;
			remoteInfo = testClick;
		};
/* End PBXContainerItemProxy section */

/* Begin PBXFileReference section */
		496F14EF183A25F10036610E /* testClick.app */ = {isa = PBXFileReference; explicitFileType = wrapper.application; includeInIndex = 0; path = testClick.app; sourceTree = BUILT_PRODUCTS_DIR; };
		496F14F2183A25F10036610E /* Foundation.framework */ = {isa = PBXFileReference; lastKnownFileType = wrapper.framework; name = Foundation.framework; path = System/Library/Frameworks/Foundation.framework; sourceTree = SDKROOT; };
		496F14F4183A25F10036610E /* CoreGraphics.framework */ = {isa = PBXFileReference; lastKnownFileType = wrapper.framework; name = CoreGraphics.framework; path = System/Library/Frameworks/CoreGraphics.framework; sourceTree = SDKROOT; };
		496F14F6183A25F10036610E /* UIKit.framework */ = {isa = PBXFileReference; lastKnownFileType = wrapper.framework; name = UIKit.framework; path = System/Library/Frameworks/UIKit.framework; sourceTree = SDKROOT; };
		496F14FA183A25F10036610E /* testClick-Info.plist */ = {isa = PBXFileReference; lastKnownFileType = text.plist.xml; path = "testClick-Info.plist"; sourceTree = "<group>"; };
		496F14FC183A25F10036610E /* en */ = {isa = PBXFileReference; lastKnownFileType = text.plist.strings; name = en; path = en.lproj/InfoPlist.strings; sourceTree = "<group>"; };
		496F14FE183A25F10036610E /* main.m */ = {isa = PBXFileReference; lastKnownFileType = sourcecode.c.objc; path = main.m; sourceTree = "<group>"; };
		496F1500183A25F10036610E /* testClick-Prefix.pch */ = {isa = PBXFileReference; lastKnownFileType = sourcecode.c.h; path = "testClick-Prefix.pch"; sourceTree = "<group>"; };
		496F1501183A25F10036610E /* AppDelegate.h */ = {isa = PBXFileReference; lastKnownFileType = sourcecode.c.h; path = AppDelegate.h; sourceTree = "<group>"; };
		496F1502183A25F10036610E /* AppDelegate.m */ = {isa = PBXFileReference; lastKnownFileType = sourcecode.c.objc; path = AppDelegate.m; sourceTree = "<group>"; };
		496F1505183A25F10036610E /* Base */ = {isa = PBXFileReference; lastKnownFileType = file.storyboard; name = Base; path = Base.lproj/Main.storyboard; sourceTree = "<group>"; };
		496F1507183A25F10036610E /* ViewController.h */ = {isa = PBXFileReference; lastKnownFileType = sourcecode.c.h; path = ViewController.h; sourceTree = "<group>"; };
		496F1508183A25F10036610E /* ViewController.m */ = {isa = PBXFileReference; lastKnownFileType = sourcecode.c.objc; path = ViewController.m; sourceTree = "<group>"; };
		496F150A183A25F10036610E /* Images.xcassets */ = {isa = PBXFileReference; lastKnownFileType = folder.assetcatalog; path = Images.xcassets; sourceTree = "<group>"; };
		496F1510183A25F10036610E /* testClickTests.xctest */ = {isa = PBXFileReference; explicitFileType = wrapper.cfbundle; includeInIndex = 0; path = testClickTests.xctest; sourceTree = BUILT_PRODUCTS_DIR; };
		496F1511183A25F10036610E /* XCTest.framework */ = {isa = PBXFileReference; lastKnownFileType = wrapper.framework; name = XCTest.framework; path = Library/Frameworks/XCTest.framework; sourceTree = DEVELOPER_DIR; };
		496F1519183A25F10036610E /* testClickTests-Info.plist */ = {isa = PBXFileReference; lastKnownFileType = text.plist.xml; path = "testClickTests-Info.plist"; sourceTree = "<group>"; };
		496F151B183A25F10036610E /* en */ = {isa = PBXFileReference; lastKnownFileType = text.plist.strings; name = en; path = en.lproj/InfoPlist.strings; sourceTree = "<group>"; };
		496F151D183A25F10036610E /* testClickTests.m */ = {isa = PBXFileReference; lastKnownFileType = sourcecode.c.objc; path = testClickTests.m; sourceTree = "<group>"; };
/* End PBXFileReference section */

/* Begin PBXFrameworksBuildPhase section */
		496F14EC183A25F10036610E /* Frameworks */ = {
			isa = PBXFrameworksBuildPhase;
			buildActionMask = 2147483647;
			files = (
				496F14F5183A25F10036610E /* CoreGraphics.framework in Frameworks */,
				496F14F7183A25F10036610E /* UIKit.framework in Frameworks */,
				496F14F3183A25F10036610E /* Foundation.framework in Frameworks */,
			);
			runOnlyForDeploymentPostprocessing = 0;
		};
		496F150D183A25F10036610E /* Frameworks */ = {
			isa = PBXFrameworksBuildPhase;
			buildActionMask = 2147483647;
			files = (
				496F1512183A25F10036610E /* XCTest.framework in Frameworks */,
				496F1514183A25F10036610E /* UIKit.framework in Frameworks */,
				496F1513183A25F10036610E /* Foundation.framework in Frameworks */,
			);
			runOnlyForDeploymentPostprocessing = 0;
		};
/* End PBXFrameworksBuildPhase section */

/* Begin PBXGroup section */
		496F14E6183A25F10036610E = {
			isa = PBXGroup;
			children = (
				496F14F8183A25F10036610E /* testClick */,
				496F1517183A25F10036610E /* testClickTests */,
				496F14F1183A25F10036610E /* Frameworks */,
				496F14F0183A25F10036610E /* Products */,
			);
			sourceTree = "<group>";
		};
		496F14F0183A25F10036610E /* Products */ = {
			isa = PBXGroup;
			children = (
				496F14EF183A25F10036610E /* testClick.app */,
				496F1510183A25F10036610E /* testClickTests.xctest */,
			);
			name = Products;
			sourceTree = "<group>";
		};
		496F14F1183A25F10036610E /* Frameworks */ = {
			isa = PBXGroup;
			children = (
				496F14F2183A25F10036610E /* Foundation.framework */,
				496F14F4183A25F10036610E /* CoreGraphics.framework */,
				496F14F6183A25F10036610E /* UIKit.framework */,
				496F1511183A25F10036610E /* XCTest.framework */,
			);
			name = Frameworks;
			sourceTree = "<group>";
		};
		496F14F8183A25F10036610E /* testClick */ = {
			isa = PBXGroup;
			children = (
				496F1501183A25F10036610E /* AppDelegate.h */,
				496F1502183A25F10036610E /* AppDelegate.m */,
				496F1504183A25F10036610E /* Main.storyboard */,
				496F1507183A25F10036610E /* ViewController.h */,
				496F1508183A25F10036610E /* ViewController.m */,
				496F150A183A25F10036610E /* Images.xcassets */,
				496F14F9183A25F10036610E /* Supporting Files */,
			);
			path = testClick;
			sourceTree = "<group>";
		};
		496F14F9183A25F10036610E /* Supporting Files */ = {
			isa = PBXGroup;
			children = (
				496F14FA183A25F10036610E /* testClick-Info.plist */,
				496F14FB183A25F10036610E /* InfoPlist.strings */,
				496F14FE183A25F10036610E /* main.m */,
				496F1500183A25F10036610E /* testClick-Prefix.pch */,
			);
			name = "Supporting Files";
			sourceTree = "<group>";
		};
		496F1517183A25F10036610E /* testClickTests */ = {
			isa = PBXGroup;
			children = (
				496F151D183A25F10036610E /* testClickTests.m */,
				496F1518183A25F10036610E /* Supporting Files */,
			);
			path = testClickTests;
			sourceTree = "<group>";
		};
		496F1518183A25F10036610E /* Supporting Files */ = {
			isa = PBXGroup;
			children = (
				496F1519183A25F10036610E /* testClickTests-Info.plist */,
				496F151A183A25F10036610E /* InfoPlist.strings */,
			);
			name = "Supporting Files";
			sourceTree = "<group>";
		};
/* End PBXGroup section */

/* Begin PBXNativeTarget section */
		496F14EE183A25F10036610E /* testClick */ = {
			isa = PBXNativeTarget;
			buildConfigurationList = 496F1521183A25F10036610E /* Build configuration list for PBXNativeTarget "testClick" */;
			buildPhases = (
				496F14EB183A25F10036610E /* Sources */,
				496F14EC183A25F10036610E /* Frameworks */,
				496F14ED183A25F10036610E /* Resources */,
			);
			buildRules = (
			);
			dependencies = (
			);
			name = testClick;
			productName = testClick;
			productReference = 496F14EF183A25F10036610E /* testClick.app */;
			productType = "com.apple.product-type.application";
		};
		496F150F183A25F10036610E /* testClickTests */ = {
			isa = PBXNativeTarget;
			buildConfigurationList = 496F1524183A25F10036610E /* Build configuration list for PBXNativeTarget "testClickTests" */;
			buildPhases = (
				496F150C183A25F10036610E /* Sources */,
				496F150D183A25F10036610E /* Frameworks */,
				496F150E183A25F10036610E /* Resources */,
			);
			buildRules = (
			);
			dependencies = (
				496F1516183A25F10036610E /* PBXTargetDependency */,
			);
			name = testClickTests;
			productName = testClickTests;
			productReference = 496F1510183A25F10036610E /* testClickTests.xctest */;
			productType = "com.apple.product-type.bundle.unit-test";
		};
/* End PBXNativeTarget section */

/* Begin PBXProject section */
		496F14E7183A25F10036610E /* Project object */ = {
			isa = PBXProject;
			attributes = {
				LastUpgradeCheck = 0500;
				ORGANIZATIONNAME = Irevolution;
				TargetAttributes = {
					496F150F183A25F10036610E = {
						TestTargetID = 496F14EE183A25F10036610E;
					};
				};
			};
			buildConfigurationList = 496F14EA183A25F10036610E /* Build configuration list for PBXProject "testClick" */;
			compatibilityVersion = "Xcode 3.2";
			developmentRegion = English;
			hasScannedForEncodings = 0;
			knownRegions = (
				en,
				Base,
			);
			mainGroup = 496F14E6183A25F10036610E;
			productRefGroup = 496F14F0183A25F10036610E /* Products */;
			projectDirPath = "";
			projectRoot = "";
			targets = (
				496F14EE183A25F10036610E /* testClick */,
				496F150F183A25F10036610E /* testClickTests */,
			);
		};
/* End PBXProject section */

/* Begin PBXResourcesBuildPhase section */
		496F14ED183A25F10036610E /* Resources */ = {
			isa = PBXResourcesBuildPhase;
			buildActionMask = 2147483647;
			files = (
				496F150B183A25F10036610E /* Images.xcassets in Resources */,
				496F14FD183A25F10036610E /* InfoPlist.strings in Resources */,
				496F1506183A25F10036610E /* Main.storyboard in Resources */,
			);
			runOnlyForDeploymentPostprocessing = 0;
		};
		496F150E183A25F10036610E /* Resources */ = {
			isa = PBXResourcesBuildPhase;
			buildActionMask = 2147483647;
			files = (
				496F151C183A25F10036610E /* InfoPlist.strings in Resources */,
			);
			runOnlyForDeploymentPostprocessing = 0;
		};
/* End PBXResourcesBuildPhase section */

/* Begin PBXSourcesBuildPhase section */
		496F14EB183A25F10036610E /* Sources */ = {
			isa = PBXSourcesBuildPhase;
			buildActionMask = 2147483647;
			files = (
				496F1509183A25F10036610E /* ViewController.m in Sources */,
				496F1503183A25F10036610E /* AppDelegate.m in Sources */,
				496F14FF183A25F10036610E /* main.m in Sources */,
			);
			runOnlyForDeploymentPostprocessing = 0;
		};
		496F150C183A25F10036610E /* Sources */ = {
			isa = PBXSourcesBuildPhase;
			buildActionMask = 2147483647;
			files = (
				496F151E183A25F10036610E /* testClickTests.m in Sources */,
			);
			runOnlyForDeploymentPostprocessing = 0;
		};
/* End PBXSourcesBuildPhase section */

/* Begin PBXTargetDependency section */
		496F1516183A25F10036610E /* PBXTargetDependency */ = {
			isa = PBXTargetDependency;
			target = 496F14EE183A25F10036610E /* testClick */;
			targetProxy = 496F1515183A25F10036610E /* PBXContainerItemProxy */;
		};
/* End PBXTargetDependency section */

/* Begin PBXVariantGroup section */
		496F14FB183A25F10036610E /* InfoPlist.strings */ = {
			isa = PBXVariantGroup;
			children = (
				496F14FC183A25F10036610E /* en */,
			);
			name = InfoPlist.strings;
			sourceTree = "<group>";
		};
		496F1504183A25F10036610E /* Main.storyboard */ = {
			isa = PBXVariantGroup;
			children = (
				496F1505183A25F10036610E /* Base */,
			);
			name = Main.storyboard;
			sourceTree = "<group>";
		};
		496F151A183A25F10036610E /* InfoPlist.strings */ = {
			isa = PBXVariantGroup;
			children = (
				496F151B183A25F10036610E /* en */,
			);
			name = InfoPlist.strings;
			sourceTree = "<group>";
		};
/* End PBXVariantGroup section */

/* Begin XCBuildConfiguration section */
		496F151F183A25F10036610E /* Debug */ = {
			isa = XCBuildConfiguration;
			buildSettings = {
				ALWAYS_SEARCH_USER_PATHS = NO;
				ARCHS = "$(ARCHS_STANDARD_INCLUDING_64_BIT)";
				CLANG_CXX_LANGUAGE_STANDARD = "gnu++0x";
				CLANG_CXX_LIBRARY = "libc++";
				CLANG_ENABLE_MODULES = YES;
				CLANG_ENABLE_OBJC_ARC = YES;
				CLANG_WARN_BOOL_CONVERSION = YES;
				CLANG_WARN_CONSTANT_CONVERSION = YES;
				CLANG_WARN_DIRECT_OBJC_ISA_USAGE = YES_ERROR;
				CLANG_WARN_EMPTY_BODY = YES;
				CLANG_WARN_ENUM_CONVERSION = YES;
				CLANG_WARN_INT_CONVERSION = YES;
				CLANG_WARN_OBJC_ROOT_CLASS = YES_ERROR;
				CLANG_WARN__DUPLICATE_METHOD_MATCH = YES;
				"CODE_SIGN_IDENTITY[sdk=iphoneos*]" = "iPhone Developer";
				COPY_PHASE_STRIP = NO;
				GCC_C_LANGUAGE_STANDARD = gnu99;
				GCC_DYNAMIC_NO_PIC = NO;
				GCC_OPTIMIZATION_LEVEL = 0;
				GCC_PREPROCESSOR_DEFINITIONS = (
					"DEBUG=1",
					"$(inherited)",
				);
				GCC_SYMBOLS_PRIVATE_EXTERN = NO;
				GCC_WARN_64_TO_32_BIT_CONVERSION = YES;
				GCC_WARN_ABOUT_RETURN_TYPE = YES_ERROR;
				GCC_WARN_UNDECLARED_SELECTOR = YES;
				GCC_WARN_UNINITIALIZED_AUTOS = YES;
				GCC_WARN_UNUSED_FUNCTION = YES;
				GCC_WARN_UNUSED_VARIABLE = YES;
				IPHONEOS_DEPLOYMENT_TARGET = 7.0;
				ONLY_ACTIVE_ARCH = YES;
				SDKROOT = iphoneos;
			};
			name = Debug;
		};
		496F1520183A25F10036610E /* Release */ = {
			isa = XCBuildConfiguration;
			buildSettings = {
				ALWAYS_SEARCH_USER_PATHS = NO;
				ARCHS = "$(ARCHS_STANDARD_INCLUDING_64_BIT)";
				CLANG_CXX_LANGUAGE_STANDARD = "gnu++0x";
				CLANG_CXX_LIBRARY = "libc++";
				CLANG_ENABLE_MODULES = YES;
				CLANG_ENABLE_OBJC_ARC = YES;
				CLANG_WARN_BOOL_CONVERSION = YES;
				CLANG_WARN_CONSTANT_CONVERSION = YES;
				CLANG_WARN_DIRECT_OBJC_ISA_USAGE = YES_ERROR;
				CLANG_WARN_EMPTY_BODY = YES;
				CLANG_WARN_ENUM_CONVERSION = YES;
				CLANG_WARN_INT_CONVERSION = YES;
				CLANG_WARN_OBJC_ROOT_CLASS = YES_ERROR;
				CLANG_WARN__DUPLICATE_METHOD_MATCH = YES;
				"CODE_SIGN_IDENTITY[sdk=iphoneos*]" = "iPhone Developer";
				COPY_PHASE_STRIP = YES;
				ENABLE_NS_ASSERTIONS = NO;
				GCC_C_LANGUAGE_STANDARD = gnu99;
				GCC_WARN_64_TO_32_BIT_CONVERSION = YES;
				GCC_WARN_ABOUT_RETURN_TYPE = YES_ERROR;
				GCC_WARN_UNDECLARED_SELECTOR = YES;
				GCC_WARN_UNINITIALIZED_AUTOS = YES;
				GCC_WARN_UNUSED_FUNCTION = YES;
				GCC_WARN_UNUSED_VARIABLE = YES;
				IPHONEOS_DEPLOYMENT_TARGET = 7.0;
				SDKROOT = iphoneos;
				VALIDATE_PRODUCT = YES;
			};
			name = Release;
		};
		496F1522183A25F10036610E /* Debug */ = {
			isa = XCBuildConfiguration;
			buildSettings = {
				ASSETCATALOG_COMPILER_APPICON_NAME = AppIcon;
				ASSETCATALOG_COMPILER_LAUNCHIMAGE_NAME = LaunchImage;
				GCC_PRECOMPILE_PREFIX_HEADER = YES;
				GCC_PREFIX_HEADER = "testClick/testClick-Prefix.pch";
				INFOPLIST_FILE = "testClick/testClick-Info.plist";
				PRODUCT_NAME = "$(TARGET_NAME)";
				WRAPPER_EXTENSION = app;
			};
			name = Debug;
		};
		496F1523183A25F10036610E /* Release */ = {
			isa = XCBuildConfiguration;
			buildSettings = {
				ASSETCATALOG_COMPILER_APPICON_NAME = AppIcon;
				ASSETCATALOG_COMPILER_LAUNCHIMAGE_NAME = LaunchImage;
				GCC_PRECOMPILE_PREFIX_HEADER = YES;
				GCC_PREFIX_HEADER = "testClick/testClick-Prefix.pch";
				INFOPLIST_FILE = "testClick/testClick-Info.plist";
				PRODUCT_NAME = "$(TARGET_NAME)";
				WRAPPER_EXTENSION = app;
			};
			name = Release;
		};
		496F1525183A25F10036610E /* Debug */ = {
			isa = XCBuildConfiguration;
			buildSettings = {
				ARCHS = "$(ARCHS_STANDARD_INCLUDING_64_BIT)";
				BUNDLE_LOADER = "$(BUILT_PRODUCTS_DIR)/testClick.app/testClick";
				FRAMEWORK_SEARCH_PATHS = (
					"$(SDKROOT)/Developer/Library/Frameworks",
					"$(inherited)",
					"$(DEVELOPER_FRAMEWORKS_DIR)",
				);
				GCC_PRECOMPILE_PREFIX_HEADER = YES;
				GCC_PREFIX_HEADER = "testClick/testClick-Prefix.pch";
				GCC_PREPROCESSOR_DEFINITIONS = (
					"DEBUG=1",
					"$(inherited)",
				);
				INFOPLIST_FILE = "testClickTests/testClickTests-Info.plist";
				PRODUCT_NAME = "$(TARGET_NAME)";
				TEST_HOST = "$(BUNDLE_LOADER)";
				WRAPPER_EXTENSION = xctest;
			};
			name = Debug;
		};
		496F1526183A25F10036610E /* Release */ = {
			isa = XCBuildConfiguration;
			buildSettings = {
				ARCHS = "$(ARCHS_STANDARD_INCLUDING_64_BIT)";
				BUNDLE_LOADER = "$(BUILT_PRODUCTS_DIR)/testClick.app/testClick";
				FRAMEWORK_SEARCH_PATHS = (
					"$(SDKROOT)/Developer/Library/Frameworks",
					"$(inherited)",
					"$(DEVELOPER_FRAMEWORKS_DIR)",
				);
				GCC_PRECOMPILE_PREFIX_HEADER = YES;
				GCC_PREFIX_HEADER = "testClick/testClick-Prefix.pch";
				INFOPLIST_FILE = "testClickTests/testClickTests-Info.plist";
				PRODUCT_NAME = "$(TARGET_NAME)";
				TEST_HOST = "$(BUNDLE_LOADER)";
				WRAPPER_EXTENSION = xctest;
			};
			name = Release;
		};
/* End XCBuildConfiguration section */

/* Begin XCConfigurationList section */
		496F14EA183A25F10036610E /* Build configuration list for PBXProject "testClick" */ = {
			isa = XCConfigurationList;
			buildConfigurations = (
				496F151F183A25F10036610E /* Debug */,
				496F1520183A25F10036610E /* Release */,
			);
			defaultConfigurationIsVisible = 0;
			defaultConfigurationName = Release;
		};
		496F1521183A25F10036610E /* Build configuration list for PBXNativeTarget "testClick" */ = {
			isa = XCConfigurationList;
			buildConfigurations = (
				496F1522183A25F10036610E /* Debug */,
				496F1523183A25F10036610E /* Release */,
			);
			defaultConfigurationIsVisible = 0;
		};
		496F1524183A25F10036610E /* Build configuration list for PBXNativeTarget "testClickTests" */ = {
			isa = XCConfigurationList;
			buildConfigurations = (
				496F1525183A25F10036610E /* Debug */,
				496F1526183A25F10036610E /* Release */,
			);
			defaultConfigurationIsVisible = 0;
		};
/* End XCConfigurationList section */
	};
	rootObject = 496F14E7183A25F10036610E /* Project object */;
}
